
Microsoft Visual Studio Solution File, Format Version 12.00
# Visual Studio Version 17
VisualStudioVersion = 17.0.32126.317
MinimumVisualStudioVersion = 10.0.40219.1
Project("{9A19103F-16F7-4668-BE54-9A1E7A4F7556}") = "EK.CommonUtils", "EK.CommonUtils\EK.CommonUtils.csproj", "{778FC19E-9291-45B3-9C8A-CDC99D652257}"
EndProject
Project("{9A19103F-16F7-4668-BE54-9A1E7A4F7556}") = "EK.CommonUtils.Tests", "EK.CommonUtils.Tests\EK.CommonUtils.Tests.csproj", "{8973BAC8-7A7D-4C42-93DA-9E8996DB7B7E}"
EndProject
Project("{2150E333-8FDC-42A3-9474-1A3956D46DE8}") = "Misc", "Misc", "{B49EA48D-29F5-4FEA-B996-C57E5684EC87}"
	ProjectSection(SolutionItems) = preProject
		.editorconfig = .editorconfig
		.gitignore = .gitignore
		.github\workflows\dotnet.yml = .github\workflows\dotnet.yml
		README.md = README.md
	EndProjectSection
EndProject
Global
	GlobalSection(SolutionConfigurationPlatforms) = preSolution
		Debug|Any CPU = Debug|Any CPU
		Release|Any CPU = Release|Any CPU
	EndGlobalSection
	GlobalSection(ProjectConfigurationPlatforms) = postSolution
		{778FC19E-9291-45B3-9C8A-CDC99D652257}.Debug|Any CPU.ActiveCfg = Debug|Any CPU
		{778FC19E-9291-45B3-9C8A-CDC99D652257}.Debug|Any CPU.Build.0 = Debug|Any CPU
		{778FC19E-9291-45B3-9C8A-CDC99D652257}.Release|Any CPU.ActiveCfg = Release|Any CPU
		{778FC19E-9291-45B3-9C8A-CDC99D652257}.Release|Any CPU.Build.0 = Release|Any CPU
		{8973BAC8-7A7D-4C42-93DA-9E8996DB7B7E}.Debug|Any CPU.ActiveCfg = Debug|Any CPU
		{8973BAC8-7A7D-4C42-93DA-9E8996DB7B7E}.Debug|Any CPU.Build.0 = Debug|Any CPU
		{8973BAC8-7A7D-4C42-93DA-9E8996DB7B7E}.Release|Any CPU.ActiveCfg = Release|Any CPU
		{8973BAC8-7A7D-4C42-93DA-9E8996DB7B7E}.Release|Any CPU.Build.0 = Release|Any CPU
	EndGlobalSection
	GlobalSection(SolutionProperties) = preSolution
		HideSolutionNode = FALSE
	EndGlobalSection
	GlobalSection(ExtensibilityGlobals) = postSolution
		SolutionGuid = {1C6A69F9-6BA9-4411-9430-FC2CE9BFB076}
	EndGlobalSection
EndGlobal
